
Microsoft Visual Studio Solution File, Format Version 12.00
# Visual Studio 14
VisualStudioVersion = 14.0.25420.1
MinimumVisualStudioVersion = 10.0.40219.1
Project("{FAE04EC0-301F-11D3-BF4B-00C04F79EFBC}") = "ToastNotification", "ToastNotification\ToastNotification\ToastNotification.csproj", "{E55F4BC2-7820-4C56-B8A4-0F43BF9DBC19}"
EndProject
Project("{FAE04EC0-301F-11D3-BF4B-00C04F79EFBC}") = "ToastNotification.Droid", "ToastNotification\ToastNotification.Droid\ToastNotification.Droid.csproj", "{9C1AC4A7-B048-4A4D-836F-D9B972CDCFEB}"
EndProject
Project("{FAE04EC0-301F-11D3-BF4B-00C04F79EFBC}") = "ToastNotification.iOS", "ToastNotification\ToastNotification.iOS\ToastNotification.iOS.csproj", "{791E89B2-791F-40E3-887A-A58F7A6CB473}"
EndProject
Project("{FAE04EC0-301F-11D3-BF4B-00C04F79EFBC}") = "ToastNotification.WinPhone", "ToastNotification\ToastNotification.WinPhone\ToastNotification.WinPhone.csproj", "{318E7622-A3AC-4D20-9C9C-52D0FE83EA12}"
EndProject
Project("{FAE04EC0-301F-11D3-BF4B-00C04F79EFBC}") = "ToastNotification.UWP", "ToastNotification\ToastNotification.UWP\ToastNotification.UWP.csproj", "{0864E64B-D4CC-43BA-A5ED-AEFDDDC3D436}"
EndProject
Project("{FAE04EC0-301F-11D3-BF4B-00C04F79EFBC}") = "ToastNotification.Windows", "ToastNotification\ToastNotification.Windows\ToastNotification.Windows.csproj", "{ACEA6B37-17B0-42AE-AADD-980E61ECA409}"
EndProject
Global
	GlobalSection(SolutionConfigurationPlatforms) = preSolution
		Ad-Hoc|Any CPU = Ad-Hoc|Any CPU
		Ad-Hoc|ARM = Ad-Hoc|ARM
		Ad-Hoc|iPhone = Ad-Hoc|iPhone
		Ad-Hoc|iPhoneSimulator = Ad-Hoc|iPhoneSimulator
		Ad-Hoc|x64 = Ad-Hoc|x64
		Ad-Hoc|x86 = Ad-Hoc|x86
		AppStore|Any CPU = AppStore|Any CPU
		AppStore|ARM = AppStore|ARM
		AppStore|iPhone = AppStore|iPhone
		AppStore|iPhoneSimulator = AppStore|iPhoneSimulator
		AppStore|x64 = AppStore|x64
		AppStore|x86 = AppStore|x86
		Debug|Any CPU = Debug|Any CPU
		Debug|ARM = Debug|ARM
		Debug|iPhone = Debug|iPhone
		Debug|iPhoneSimulator = Debug|iPhoneSimulator
		Debug|x64 = Debug|x64
		Debug|x86 = Debug|x86
		Release|Any CPU = Release|Any CPU
		Release|ARM = Release|ARM
		Release|iPhone = Release|iPhone
		Release|iPhoneSimulator = Release|iPhoneSimulator
		Release|x64 = Release|x64
		Release|x86 = Release|x86
	EndGlobalSection
	GlobalSection(ProjectConfigurationPlatforms) = postSolution
		{E55F4BC2-7820-4C56-B8A4-0F43BF9DBC19}.Ad-Hoc|Any CPU.ActiveCfg = Release|Any CPU
		{E55F4BC2-7820-4C56-B8A4-0F43BF9DBC19}.Ad-Hoc|Any CPU.Build.0 = Release|Any CPU
		{E55F4BC2-7820-4C56-B8A4-0F43BF9DBC19}.Ad-Hoc|ARM.ActiveCfg = Release|Any CPU
		{E55F4BC2-7820-4C56-B8A4-0F43BF9DBC19}.Ad-Hoc|ARM.Build.0 = Release|Any CPU
		{E55F4BC2-7820-4C56-B8A4-0F43BF9DBC19}.Ad-Hoc|iPhone.ActiveCfg = Release|Any CPU
		{E55F4BC2-7820-4C56-B8A4-0F43BF9DBC19}.Ad-Hoc|iPhone.Build.0 = Release|Any CPU
		{E55F4BC2-7820-4C56-B8A4-0F43BF9DBC19}.Ad-Hoc|iPhoneSimulator.ActiveCfg = Release|Any CPU
		{E55F4BC2-7820-4C56-B8A4-0F43BF9DBC19}.Ad-Hoc|iPhoneSimulator.Build.0 = Release|Any CPU
		{E55F4BC2-7820-4C56-B8A4-0F43BF9DBC19}.Ad-Hoc|x64.ActiveCfg = Release|Any CPU
		{E55F4BC2-7820-4C56-B8A4-0F43BF9DBC19}.Ad-Hoc|x64.Build.0 = Release|Any CPU
		{E55F4BC2-7820-4C56-B8A4-0F43BF9DBC19}.Ad-Hoc|x86.ActiveCfg = Release|Any CPU
		{E55F4BC2-7820-4C56-B8A4-0F43BF9DBC19}.Ad-Hoc|x86.Build.0 = Release|Any CPU
		{E55F4BC2-7820-4C56-B8A4-0F43BF9DBC19}.AppStore|Any CPU.ActiveCfg = Release|Any CPU
		{E55F4BC2-7820-4C56-B8A4-0F43BF9DBC19}.AppStore|Any CPU.Build.0 = Release|Any CPU
		{E55F4BC2-7820-4C56-B8A4-0F43BF9DBC19}.AppStore|ARM.ActiveCfg = Release|Any CPU
		{E55F4BC2-7820-4C56-B8A4-0F43BF9DBC19}.AppStore|ARM.Build.0 = Release|Any CPU
		{E55F4BC2-7820-4C56-B8A4-0F43BF9DBC19}.AppStore|iPhone.ActiveCfg = Release|Any CPU
		{E55F4BC2-7820-4C56-B8A4-0F43BF9DBC19}.AppStore|iPhone.Build.0 = Release|Any CPU
		{E55F4BC2-7820-4C56-B8A4-0F43BF9DBC19}.AppStore|iPhoneSimulator.ActiveCfg = Release|Any CPU
		{E55F4BC2-7820-4C56-B8A4-0F43BF9DBC19}.AppStore|iPhoneSimulator.Build.0 = Release|Any CPU
		{E55F4BC2-7820-4C56-B8A4-0F43BF9DBC19}.AppStore|x64.ActiveCfg = Release|Any CPU
		{E55F4BC2-7820-4C56-B8A4-0F43BF9DBC19}.AppStore|x64.Build.0 = Release|Any CPU
		{E55F4BC2-7820-4C56-B8A4-0F43BF9DBC19}.AppStore|x86.ActiveCfg = Release|Any CPU
		{E55F4BC2-7820-4C56-B8A4-0F43BF9DBC19}.AppStore|x86.Build.0 = Release|Any CPU
		{E55F4BC2-7820-4C56-B8A4-0F43BF9DBC19}.Debug|Any CPU.ActiveCfg = Debug|Any CPU
		{E55F4BC2-7820-4C56-B8A4-0F43BF9DBC19}.Debug|Any CPU.Build.0 = Debug|Any CPU
		{E55F4BC2-7820-4C56-B8A4-0F43BF9DBC19}.Debug|ARM.ActiveCfg = Debug|Any CPU
		{E55F4BC2-7820-4C56-B8A4-0F43BF9DBC19}.Debug|ARM.Build.0 = Debug|Any CPU
		{E55F4BC2-7820-4C56-B8A4-0F43BF9DBC19}.Debug|iPhone.ActiveCfg = Debug|Any CPU
		{E55F4BC2-7820-4C56-B8A4-0F43BF9DBC19}.Debug|iPhone.Build.0 = Debug|Any CPU
		{E55F4BC2-7820-4C56-B8A4-0F43BF9DBC19}.Debug|iPhoneSimulator.ActiveCfg = Debug|Any CPU
		{E55F4BC2-7820-4C56-B8A4-0F43BF9DBC19}.Debug|iPhoneSimulator.Build.0 = Debug|Any CPU
		{E55F4BC2-7820-4C56-B8A4-0F43BF9DBC19}.Debug|x64.ActiveCfg = Debug|Any CPU
		{E55F4BC2-7820-4C56-B8A4-0F43BF9DBC19}.Debug|x64.Build.0 = Debug|Any CPU
		{E55F4BC2-7820-4C56-B8A4-0F43BF9DBC19}.Debug|x86.ActiveCfg = Debug|Any CPU
		{E55F4BC2-7820-4C56-B8A4-0F43BF9DBC19}.Debug|x86.Build.0 = Debug|Any CPU
		{E55F4BC2-7820-4C56-B8A4-0F43BF9DBC19}.Release|Any CPU.ActiveCfg = Release|Any CPU
		{E55F4BC2-7820-4C56-B8A4-0F43BF9DBC19}.Release|Any CPU.Build.0 = Release|Any CPU
		{E55F4BC2-7820-4C56-B8A4-0F43BF9DBC19}.Release|ARM.ActiveCfg = Release|Any CPU
		{E55F4BC2-7820-4C56-B8A4-0F43BF9DBC19}.Release|ARM.Build.0 = Release|Any CPU
		{E55F4BC2-7820-4C56-B8A4-0F43BF9DBC19}.Release|iPhone.ActiveCfg = Release|Any CPU
		{E55F4BC2-7820-4C56-B8A4-0F43BF9DBC19}.Release|iPhone.Build.0 = Release|Any CPU
		{E55F4BC2-7820-4C56-B8A4-0F43BF9DBC19}.Release|iPhoneSimulator.ActiveCfg = Release|Any CPU
		{E55F4BC2-7820-4C56-B8A4-0F43BF9DBC19}.Release|iPhoneSimulator.Build.0 = Release|Any CPU
		{E55F4BC2-7820-4C56-B8A4-0F43BF9DBC19}.Release|x64.ActiveCfg = Release|Any CPU
		{E55F4BC2-7820-4C56-B8A4-0F43BF9DBC19}.Release|x64.Build.0 = Release|Any CPU
		{E55F4BC2-7820-4C56-B8A4-0F43BF9DBC19}.Release|x86.ActiveCfg = Release|Any CPU
		{E55F4BC2-7820-4C56-B8A4-0F43BF9DBC19}.Release|x86.Build.0 = Release|Any CPU
		{9C1AC4A7-B048-4A4D-836F-D9B972CDCFEB}.Ad-Hoc|Any CPU.ActiveCfg = Release|Any CPU
		{9C1AC4A7-B048-4A4D-836F-D9B972CDCFEB}.Ad-Hoc|Any CPU.Build.0 = Release|Any CPU
		{9C1AC4A7-B048-4A4D-836F-D9B972CDCFEB}.Ad-Hoc|Any CPU.Deploy.0 = Release|Any CPU
		{9C1AC4A7-B048-4A4D-836F-D9B972CDCFEB}.Ad-Hoc|ARM.ActiveCfg = Release|Any CPU
		{9C1AC4A7-B048-4A4D-836F-D9B972CDCFEB}.Ad-Hoc|ARM.Build.0 = Release|Any CPU
		{9C1AC4A7-B048-4A4D-836F-D9B972CDCFEB}.Ad-Hoc|ARM.Deploy.0 = Release|Any CPU
		{9C1AC4A7-B048-4A4D-836F-D9B972CDCFEB}.Ad-Hoc|iPhone.ActiveCfg = Release|Any CPU
		{9C1AC4A7-B048-4A4D-836F-D9B972CDCFEB}.Ad-Hoc|iPhone.Build.0 = Release|Any CPU
		{9C1AC4A7-B048-4A4D-836F-D9B972CDCFEB}.Ad-Hoc|iPhone.Deploy.0 = Release|Any CPU
		{9C1AC4A7-B048-4A4D-836F-D9B972CDCFEB}.Ad-Hoc|iPhoneSimulator.ActiveCfg = Release|Any CPU
		{9C1AC4A7-B048-4A4D-836F-D9B972CDCFEB}.Ad-Hoc|iPhoneSimulator.Build.0 = Release|Any CPU
		{9C1AC4A7-B048-4A4D-836F-D9B972CDCFEB}.Ad-Hoc|iPhoneSimulator.Deploy.0 = Release|Any CPU
		{9C1AC4A7-B048-4A4D-836F-D9B972CDCFEB}.Ad-Hoc|x64.ActiveCfg = Release|Any CPU
		{9C1AC4A7-B048-4A4D-836F-D9B972CDCFEB}.Ad-Hoc|x64.Build.0 = Release|Any CPU
		{9C1AC4A7-B048-4A4D-836F-D9B972CDCFEB}.Ad-Hoc|x64.Deploy.0 = Release|Any CPU
		{9C1AC4A7-B048-4A4D-836F-D9B972CDCFEB}.Ad-Hoc|x86.ActiveCfg = Release|Any CPU
		{9C1AC4A7-B048-4A4D-836F-D9B972CDCFEB}.Ad-Hoc|x86.Build.0 = Release|Any CPU
		{9C1AC4A7-B048-4A4D-836F-D9B972CDCFEB}.Ad-Hoc|x86.Deploy.0 = Release|Any CPU
		{9C1AC4A7-B048-4A4D-836F-D9B972CDCFEB}.AppStore|Any CPU.ActiveCfg = Release|Any CPU
		{9C1AC4A7-B048-4A4D-836F-D9B972CDCFEB}.AppStore|Any CPU.Build.0 = Release|Any CPU
		{9C1AC4A7-B048-4A4D-836F-D9B972CDCFEB}.AppStore|Any CPU.Deploy.0 = Release|Any CPU
		{9C1AC4A7-B048-4A4D-836F-D9B972CDCFEB}.AppStore|ARM.ActiveCfg = Release|Any CPU
		{9C1AC4A7-B048-4A4D-836F-D9B972CDCFEB}.AppStore|ARM.Build.0 = Release|Any CPU
		{9C1AC4A7-B048-4A4D-836F-D9B972CDCFEB}.AppStore|ARM.Deploy.0 = Release|Any CPU
		{9C1AC4A7-B048-4A4D-836F-D9B972CDCFEB}.AppStore|iPhone.ActiveCfg = Release|Any CPU
		{9C1AC4A7-B048-4A4D-836F-D9B972CDCFEB}.AppStore|iPhone.Build.0 = Release|Any CPU
		{9C1AC4A7-B048-4A4D-836F-D9B972CDCFEB}.AppStore|iPhone.Deploy.0 = Release|Any CPU
		{9C1AC4A7-B048-4A4D-836F-D9B972CDCFEB}.AppStore|iPhoneSimulator.ActiveCfg = Release|Any CPU
		{9C1AC4A7-B048-4A4D-836F-D9B972CDCFEB}.AppStore|iPhoneSimulator.Build.0 = Release|Any CPU
		{9C1AC4A7-B048-4A4D-836F-D9B972CDCFEB}.AppStore|iPhoneSimulator.Deploy.0 = Release|Any CPU
		{9C1AC4A7-B048-4A4D-836F-D9B972CDCFEB}.AppStore|x64.ActiveCfg = Release|Any CPU
		{9C1AC4A7-B048-4A4D-836F-D9B972CDCFEB}.AppStore|x64.Build.0 = Release|Any CPU
		{9C1AC4A7-B048-4A4D-836F-D9B972CDCFEB}.AppStore|x64.Deploy.0 = Release|Any CPU
		{9C1AC4A7-B048-4A4D-836F-D9B972CDCFEB}.AppStore|x86.ActiveCfg = Release|Any CPU
		{9C1AC4A7-B048-4A4D-836F-D9B972CDCFEB}.AppStore|x86.Build.0 = Release|Any CPU
		{9C1AC4A7-B048-4A4D-836F-D9B972CDCFEB}.AppStore|x86.Deploy.0 = Release|Any CPU
		{9C1AC4A7-B048-4A4D-836F-D9B972CDCFEB}.Debug|Any CPU.ActiveCfg = Debug|Any CPU
		{9C1AC4A7-B048-4A4D-836F-D9B972CDCFEB}.Debug|Any CPU.Build.0 = Debug|Any CPU
		{9C1AC4A7-B048-4A4D-836F-D9B972CDCFEB}.Debug|Any CPU.Deploy.0 = Debug|Any CPU
		{9C1AC4A7-B048-4A4D-836F-D9B972CDCFEB}.Debug|ARM.ActiveCfg = Debug|Any CPU
		{9C1AC4A7-B048-4A4D-836F-D9B972CDCFEB}.Debug|ARM.Build.0 = Debug|Any CPU
		{9C1AC4A7-B048-4A4D-836F-D9B972CDCFEB}.Debug|ARM.Deploy.0 = Debug|Any CPU
		{9C1AC4A7-B048-4A4D-836F-D9B972CDCFEB}.Debug|iPhone.ActiveCfg = Debug|Any CPU
		{9C1AC4A7-B048-4A4D-836F-D9B972CDCFEB}.Debug|iPhone.Build.0 = Debug|Any CPU
		{9C1AC4A7-B048-4A4D-836F-D9B972CDCFEB}.Debug|iPhone.Deploy.0 = Debug|Any CPU
		{9C1AC4A7-B048-4A4D-836F-D9B972CDCFEB}.Debug|iPhoneSimulator.ActiveCfg = Debug|Any CPU
		{9C1AC4A7-B048-4A4D-836F-D9B972CDCFEB}.Debug|iPhoneSimulator.Build.0 = Debug|Any CPU
		{9C1AC4A7-B048-4A4D-836F-D9B972CDCFEB}.Debug|iPhoneSimulator.Deploy.0 = Debug|Any CPU
		{9C1AC4A7-B048-4A4D-836F-D9B972CDCFEB}.Debug|x64.ActiveCfg = Debug|Any CPU
		{9C1AC4A7-B048-4A4D-836F-D9B972CDCFEB}.Debug|x64.Build.0 = Debug|Any CPU
		{9C1AC4A7-B048-4A4D-836F-D9B972CDCFEB}.Debug|x64.Deploy.0 = Debug|Any CPU
		{9C1AC4A7-B048-4A4D-836F-D9B972CDCFEB}.Debug|x86.ActiveCfg = Debug|Any CPU
		{9C1AC4A7-B048-4A4D-836F-D9B972CDCFEB}.Debug|x86.Build.0 = Debug|Any CPU
		{9C1AC4A7-B048-4A4D-836F-D9B972CDCFEB}.Debug|x86.Deploy.0 = Debug|Any CPU
		{9C1AC4A7-B048-4A4D-836F-D9B972CDCFEB}.Release|Any CPU.ActiveCfg = Release|Any CPU
		{9C1AC4A7-B048-4A4D-836F-D9B972CDCFEB}.Release|Any CPU.Build.0 = Release|Any CPU
		{9C1AC4A7-B048-4A4D-836F-D9B972CDCFEB}.Release|Any CPU.Deploy.0 = Release|Any CPU
		{9C1AC4A7-B048-4A4D-836F-D9B972CDCFEB}.Release|ARM.ActiveCfg = Release|Any CPU
		{9C1AC4A7-B048-4A4D-836F-D9B972CDCFEB}.Release|ARM.Build.0 = Release|Any CPU
		{9C1AC4A7-B048-4A4D-836F-D9B972CDCFEB}.Release|ARM.Deploy.0 = Release|Any CPU
		{9C1AC4A7-B048-4A4D-836F-D9B972CDCFEB}.Release|iPhone.ActiveCfg = Release|Any CPU
		{9C1AC4A7-B048-4A4D-836F-D9B972CDCFEB}.Release|iPhone.Build.0 = Release|Any CPU
		{9C1AC4A7-B048-4A4D-836F-D9B972CDCFEB}.Release|iPhone.Deploy.0 = Release|Any CPU
		{9C1AC4A7-B048-4A4D-836F-D9B972CDCFEB}.Release|iPhoneSimulator.ActiveCfg = Release|Any CPU
		{9C1AC4A7-B048-4A4D-836F-D9B972CDCFEB}.Release|iPhoneSimulator.Build.0 = Release|Any CPU
		{9C1AC4A7-B048-4A4D-836F-D9B972CDCFEB}.Release|iPhoneSimulator.Deploy.0 = Release|Any CPU
		{9C1AC4A7-B048-4A4D-836F-D9B972CDCFEB}.Release|x64.ActiveCfg = Release|Any CPU
		{9C1AC4A7-B048-4A4D-836F-D9B972CDCFEB}.Release|x64.Build.0 = Release|Any CPU
		{9C1AC4A7-B048-4A4D-836F-D9B972CDCFEB}.Release|x64.Deploy.0 = Release|Any CPU
		{9C1AC4A7-B048-4A4D-836F-D9B972CDCFEB}.Release|x86.ActiveCfg = Release|Any CPU
		{9C1AC4A7-B048-4A4D-836F-D9B972CDCFEB}.Release|x86.Build.0 = Release|Any CPU
		{9C1AC4A7-B048-4A4D-836F-D9B972CDCFEB}.Release|x86.Deploy.0 = Release|Any CPU
		{791E89B2-791F-40E3-887A-A58F7A6CB473}.Ad-Hoc|Any CPU.ActiveCfg = Ad-Hoc|iPhone
		{791E89B2-791F-40E3-887A-A58F7A6CB473}.Ad-Hoc|ARM.ActiveCfg = Ad-Hoc|iPhone
		{791E89B2-791F-40E3-887A-A58F7A6CB473}.Ad-Hoc|iPhone.ActiveCfg = Ad-Hoc|iPhone
		{791E89B2-791F-40E3-887A-A58F7A6CB473}.Ad-Hoc|iPhone.Build.0 = Ad-Hoc|iPhone
		{791E89B2-791F-40E3-887A-A58F7A6CB473}.Ad-Hoc|iPhoneSimulator.ActiveCfg = Ad-Hoc|iPhoneSimulator
		{791E89B2-791F-40E3-887A-A58F7A6CB473}.Ad-Hoc|iPhoneSimulator.Build.0 = Ad-Hoc|iPhoneSimulator
		{791E89B2-791F-40E3-887A-A58F7A6CB473}.Ad-Hoc|x64.ActiveCfg = Ad-Hoc|iPhone
		{791E89B2-791F-40E3-887A-A58F7A6CB473}.Ad-Hoc|x86.ActiveCfg = Ad-Hoc|iPhone
		{791E89B2-791F-40E3-887A-A58F7A6CB473}.AppStore|Any CPU.ActiveCfg = AppStore|iPhone
		{791E89B2-791F-40E3-887A-A58F7A6CB473}.AppStore|ARM.ActiveCfg = AppStore|iPhone
		{791E89B2-791F-40E3-887A-A58F7A6CB473}.AppStore|iPhone.ActiveCfg = AppStore|iPhone
		{791E89B2-791F-40E3-887A-A58F7A6CB473}.AppStore|iPhone.Build.0 = AppStore|iPhone
		{791E89B2-791F-40E3-887A-A58F7A6CB473}.AppStore|iPhoneSimulator.ActiveCfg = AppStore|iPhoneSimulator
		{791E89B2-791F-40E3-887A-A58F7A6CB473}.AppStore|iPhoneSimulator.Build.0 = AppStore|iPhoneSimulator
		{791E89B2-791F-40E3-887A-A58F7A6CB473}.AppStore|x64.ActiveCfg = AppStore|iPhone
		{791E89B2-791F-40E3-887A-A58F7A6CB473}.AppStore|x86.ActiveCfg = AppStore|iPhone
		{791E89B2-791F-40E3-887A-A58F7A6CB473}.Debug|Any CPU.ActiveCfg = Debug|iPhone
		{791E89B2-791F-40E3-887A-A58F7A6CB473}.Debug|ARM.ActiveCfg = Debug|iPhone
		{791E89B2-791F-40E3-887A-A58F7A6CB473}.Debug|iPhone.ActiveCfg = Debug|iPhone
		{791E89B2-791F-40E3-887A-A58F7A6CB473}.Debug|iPhone.Build.0 = Debug|iPhone
		{791E89B2-791F-40E3-887A-A58F7A6CB473}.Debug|iPhoneSimulator.ActiveCfg = Debug|iPhoneSimulator
		{791E89B2-791F-40E3-887A-A58F7A6CB473}.Debug|iPhoneSimulator.Build.0 = Debug|iPhoneSimulator
		{791E89B2-791F-40E3-887A-A58F7A6CB473}.Debug|x64.ActiveCfg = Debug|iPhone
		{791E89B2-791F-40E3-887A-A58F7A6CB473}.Debug|x86.ActiveCfg = Debug|iPhone
		{791E89B2-791F-40E3-887A-A58F7A6CB473}.Release|Any CPU.ActiveCfg = Release|iPhone
		{791E89B2-791F-40E3-887A-A58F7A6CB473}.Release|ARM.ActiveCfg = Release|iPhone
		{791E89B2-791F-40E3-887A-A58F7A6CB473}.Release|iPhone.ActiveCfg = Release|iPhone
		{791E89B2-791F-40E3-887A-A58F7A6CB473}.Release|iPhone.Build.0 = Release|iPhone
		{791E89B2-791F-40E3-887A-A58F7A6CB473}.Release|iPhoneSimulator.ActiveCfg = Release|iPhoneSimulator
		{791E89B2-791F-40E3-887A-A58F7A6CB473}.Release|iPhoneSimulator.Build.0 = Release|iPhoneSimulator
		{791E89B2-791F-40E3-887A-A58F7A6CB473}.Release|x64.ActiveCfg = Release|iPhone
		{791E89B2-791F-40E3-887A-A58F7A6CB473}.Release|x86.ActiveCfg = Release|iPhone
		{318E7622-A3AC-4D20-9C9C-52D0FE83EA12}.Ad-Hoc|Any CPU.ActiveCfg = Release|Any CPU
		{318E7622-A3AC-4D20-9C9C-52D0FE83EA12}.Ad-Hoc|Any CPU.Build.0 = Release|Any CPU
		{318E7622-A3AC-4D20-9C9C-52D0FE83EA12}.Ad-Hoc|Any CPU.Deploy.0 = Release|Any CPU
		{318E7622-A3AC-4D20-9C9C-52D0FE83EA12}.Ad-Hoc|ARM.ActiveCfg = Release|ARM
		{318E7622-A3AC-4D20-9C9C-52D0FE83EA12}.Ad-Hoc|ARM.Build.0 = Release|ARM
		{318E7622-A3AC-4D20-9C9C-52D0FE83EA12}.Ad-Hoc|ARM.Deploy.0 = Release|ARM
		{318E7622-A3AC-4D20-9C9C-52D0FE83EA12}.Ad-Hoc|iPhone.ActiveCfg = Release|Any CPU
		{318E7622-A3AC-4D20-9C9C-52D0FE83EA12}.Ad-Hoc|iPhone.Build.0 = Release|Any CPU
		{318E7622-A3AC-4D20-9C9C-52D0FE83EA12}.Ad-Hoc|iPhone.Deploy.0 = Release|Any CPU
		{318E7622-A3AC-4D20-9C9C-52D0FE83EA12}.Ad-Hoc|iPhoneSimulator.ActiveCfg = Release|Any CPU
		{318E7622-A3AC-4D20-9C9C-52D0FE83EA12}.Ad-Hoc|iPhoneSimulator.Build.0 = Release|Any CPU
		{318E7622-A3AC-4D20-9C9C-52D0FE83EA12}.Ad-Hoc|iPhoneSimulator.Deploy.0 = Release|Any CPU
		{318E7622-A3AC-4D20-9C9C-52D0FE83EA12}.Ad-Hoc|x64.ActiveCfg = Release|Any CPU
		{318E7622-A3AC-4D20-9C9C-52D0FE83EA12}.Ad-Hoc|x64.Build.0 = Release|Any CPU
		{318E7622-A3AC-4D20-9C9C-52D0FE83EA12}.Ad-Hoc|x64.Deploy.0 = Release|Any CPU
		{318E7622-A3AC-4D20-9C9C-52D0FE83EA12}.Ad-Hoc|x86.ActiveCfg = Release|x86
		{318E7622-A3AC-4D20-9C9C-52D0FE83EA12}.Ad-Hoc|x86.Build.0 = Release|x86
		{318E7622-A3AC-4D20-9C9C-52D0FE83EA12}.Ad-Hoc|x86.Deploy.0 = Release|x86
		{318E7622-A3AC-4D20-9C9C-52D0FE83EA12}.AppStore|Any CPU.ActiveCfg = Release|Any CPU
		{318E7622-A3AC-4D20-9C9C-52D0FE83EA12}.AppStore|Any CPU.Build.0 = Release|Any CPU
		{318E7622-A3AC-4D20-9C9C-52D0FE83EA12}.AppStore|Any CPU.Deploy.0 = Release|Any CPU
		{318E7622-A3AC-4D20-9C9C-52D0FE83EA12}.AppStore|ARM.ActiveCfg = Release|ARM
		{318E7622-A3AC-4D20-9C9C-52D0FE83EA12}.AppStore|ARM.Build.0 = Release|ARM
		{318E7622-A3AC-4D20-9C9C-52D0FE83EA12}.AppStore|ARM.Deploy.0 = Release|ARM
		{318E7622-A3AC-4D20-9C9C-52D0FE83EA12}.AppStore|iPhone.ActiveCfg = Release|Any CPU
		{318E7622-A3AC-4D20-9C9C-52D0FE83EA12}.AppStore|iPhone.Build.0 = Release|Any CPU
		{318E7622-A3AC-4D20-9C9C-52D0FE83EA12}.AppStore|iPhone.Deploy.0 = Release|Any CPU
		{318E7622-A3AC-4D20-9C9C-52D0FE83EA12}.AppStore|iPhoneSimulator.ActiveCfg = Release|Any CPU
		{318E7622-A3AC-4D20-9C9C-52D0FE83EA12}.AppStore|iPhoneSimulator.Build.0 = Release|Any CPU
		{318E7622-A3AC-4D20-9C9C-52D0FE83EA12}.AppStore|iPhoneSimulator.Deploy.0 = Release|Any CPU
		{318E7622-A3AC-4D20-9C9C-52D0FE83EA12}.AppStore|x64.ActiveCfg = Release|Any CPU
		{318E7622-A3AC-4D20-9C9C-52D0FE83EA12}.AppStore|x64.Build.0 = Release|Any CPU
		{318E7622-A3AC-4D20-9C9C-52D0FE83EA12}.AppStore|x64.Deploy.0 = Release|Any CPU
		{318E7622-A3AC-4D20-9C9C-52D0FE83EA12}.AppStore|x86.ActiveCfg = Release|x86
		{318E7622-A3AC-4D20-9C9C-52D0FE83EA12}.AppStore|x86.Build.0 = Release|x86
		{318E7622-A3AC-4D20-9C9C-52D0FE83EA12}.AppStore|x86.Deploy.0 = Release|x86
		{318E7622-A3AC-4D20-9C9C-52D0FE83EA12}.Debug|Any CPU.ActiveCfg = Debug|Any CPU
		{318E7622-A3AC-4D20-9C9C-52D0FE83EA12}.Debug|Any CPU.Build.0 = Debug|Any CPU
		{318E7622-A3AC-4D20-9C9C-52D0FE83EA12}.Debug|Any CPU.Deploy.0 = Debug|Any CPU
		{318E7622-A3AC-4D20-9C9C-52D0FE83EA12}.Debug|ARM.ActiveCfg = Debug|ARM
		{318E7622-A3AC-4D20-9C9C-52D0FE83EA12}.Debug|ARM.Build.0 = Debug|ARM
		{318E7622-A3AC-4D20-9C9C-52D0FE83EA12}.Debug|ARM.Deploy.0 = Debug|ARM
		{318E7622-A3AC-4D20-9C9C-52D0FE83EA12}.Debug|iPhone.ActiveCfg = Debug|Any CPU
		{318E7622-A3AC-4D20-9C9C-52D0FE83EA12}.Debug|iPhone.Build.0 = Debug|Any CPU
		{318E7622-A3AC-4D20-9C9C-52D0FE83EA12}.Debug|iPhone.Deploy.0 = Debug|Any CPU
		{318E7622-A3AC-4D20-9C9C-52D0FE83EA12}.Debug|iPhoneSimulator.ActiveCfg = Debug|Any CPU
		{318E7622-A3AC-4D20-9C9C-52D0FE83EA12}.Debug|iPhoneSimulator.Build.0 = Debug|Any CPU
		{318E7622-A3AC-4D20-9C9C-52D0FE83EA12}.Debug|iPhoneSimulator.Deploy.0 = Debug|Any CPU
		{318E7622-A3AC-4D20-9C9C-52D0FE83EA12}.Debug|x64.ActiveCfg = Debug|Any CPU
		{318E7622-A3AC-4D20-9C9C-52D0FE83EA12}.Debug|x64.Build.0 = Debug|Any CPU
		{318E7622-A3AC-4D20-9C9C-52D0FE83EA12}.Debug|x64.Deploy.0 = Debug|Any CPU
		{318E7622-A3AC-4D20-9C9C-52D0FE83EA12}.Debug|x86.ActiveCfg = Debug|x86
		{318E7622-A3AC-4D20-9C9C-52D0FE83EA12}.Debug|x86.Build.0 = Debug|x86
		{318E7622-A3AC-4D20-9C9C-52D0FE83EA12}.Debug|x86.Deploy.0 = Debug|x86
		{318E7622-A3AC-4D20-9C9C-52D0FE83EA12}.Release|Any CPU.ActiveCfg = Release|Any CPU
		{318E7622-A3AC-4D20-9C9C-52D0FE83EA12}.Release|Any CPU.Build.0 = Release|Any CPU
		{318E7622-A3AC-4D20-9C9C-52D0FE83EA12}.Release|Any CPU.Deploy.0 = Release|Any CPU
		{318E7622-A3AC-4D20-9C9C-52D0FE83EA12}.Release|ARM.ActiveCfg = Release|ARM
		{318E7622-A3AC-4D20-9C9C-52D0FE83EA12}.Release|ARM.Build.0 = Release|ARM
		{318E7622-A3AC-4D20-9C9C-52D0FE83EA12}.Release|ARM.Deploy.0 = Release|ARM
		{318E7622-A3AC-4D20-9C9C-52D0FE83EA12}.Release|iPhone.ActiveCfg = Release|Any CPU
		{318E7622-A3AC-4D20-9C9C-52D0FE83EA12}.Release|iPhone.Build.0 = Release|Any CPU
		{318E7622-A3AC-4D20-9C9C-52D0FE83EA12}.Release|iPhone.Deploy.0 = Release|Any CPU
		{318E7622-A3AC-4D20-9C9C-52D0FE83EA12}.Release|iPhoneSimulator.ActiveCfg = Release|Any CPU
		{318E7622-A3AC-4D20-9C9C-52D0FE83EA12}.Release|iPhoneSimulator.Build.0 = Release|Any CPU
		{318E7622-A3AC-4D20-9C9C-52D0FE83EA12}.Release|iPhoneSimulator.Deploy.0 = Release|Any CPU
		{318E7622-A3AC-4D20-9C9C-52D0FE83EA12}.Release|x64.ActiveCfg = Release|Any CPU
		{318E7622-A3AC-4D20-9C9C-52D0FE83EA12}.Release|x64.Build.0 = Release|Any CPU
		{318E7622-A3AC-4D20-9C9C-52D0FE83EA12}.Release|x64.Deploy.0 = Release|Any CPU
		{318E7622-A3AC-4D20-9C9C-52D0FE83EA12}.Release|x86.ActiveCfg = Release|x86
		{318E7622-A3AC-4D20-9C9C-52D0FE83EA12}.Release|x86.Build.0 = Release|x86
		{318E7622-A3AC-4D20-9C9C-52D0FE83EA12}.Release|x86.Deploy.0 = Release|x86
		{0864E64B-D4CC-43BA-A5ED-AEFDDDC3D436}.Ad-Hoc|Any CPU.ActiveCfg = Release|x86
		{0864E64B-D4CC-43BA-A5ED-AEFDDDC3D436}.Ad-Hoc|Any CPU.Build.0 = Release|x86
		{0864E64B-D4CC-43BA-A5ED-AEFDDDC3D436}.Ad-Hoc|Any CPU.Deploy.0 = Release|x86
		{0864E64B-D4CC-43BA-A5ED-AEFDDDC3D436}.Ad-Hoc|ARM.ActiveCfg = Release|ARM
		{0864E64B-D4CC-43BA-A5ED-AEFDDDC3D436}.Ad-Hoc|ARM.Build.0 = Release|ARM
		{0864E64B-D4CC-43BA-A5ED-AEFDDDC3D436}.Ad-Hoc|ARM.Deploy.0 = Release|ARM
		{0864E64B-D4CC-43BA-A5ED-AEFDDDC3D436}.Ad-Hoc|iPhone.ActiveCfg = Release|x86
		{0864E64B-D4CC-43BA-A5ED-AEFDDDC3D436}.Ad-Hoc|iPhone.Build.0 = Release|x86
		{0864E64B-D4CC-43BA-A5ED-AEFDDDC3D436}.Ad-Hoc|iPhone.Deploy.0 = Release|x86
		{0864E64B-D4CC-43BA-A5ED-AEFDDDC3D436}.Ad-Hoc|iPhoneSimulator.ActiveCfg = Release|x86
		{0864E64B-D4CC-43BA-A5ED-AEFDDDC3D436}.Ad-Hoc|iPhoneSimulator.Build.0 = Release|x86
		{0864E64B-D4CC-43BA-A5ED-AEFDDDC3D436}.Ad-Hoc|iPhoneSimulator.Deploy.0 = Release|x86
		{0864E64B-D4CC-43BA-A5ED-AEFDDDC3D436}.Ad-Hoc|x64.ActiveCfg = Release|x64
		{0864E64B-D4CC-43BA-A5ED-AEFDDDC3D436}.Ad-Hoc|x64.Build.0 = Release|x64
		{0864E64B-D4CC-43BA-A5ED-AEFDDDC3D436}.Ad-Hoc|x64.Deploy.0 = Release|x64
		{0864E64B-D4CC-43BA-A5ED-AEFDDDC3D436}.Ad-Hoc|x86.ActiveCfg = Release|x86
		{0864E64B-D4CC-43BA-A5ED-AEFDDDC3D436}.Ad-Hoc|x86.Build.0 = Release|x86
		{0864E64B-D4CC-43BA-A5ED-AEFDDDC3D436}.Ad-Hoc|x86.Deploy.0 = Release|x86
		{0864E64B-D4CC-43BA-A5ED-AEFDDDC3D436}.AppStore|Any CPU.ActiveCfg = Release|x86
		{0864E64B-D4CC-43BA-A5ED-AEFDDDC3D436}.AppStore|Any CPU.Build.0 = Release|x86
		{0864E64B-D4CC-43BA-A5ED-AEFDDDC3D436}.AppStore|Any CPU.Deploy.0 = Release|x86
		{0864E64B-D4CC-43BA-A5ED-AEFDDDC3D436}.AppStore|ARM.ActiveCfg = Release|ARM
		{0864E64B-D4CC-43BA-A5ED-AEFDDDC3D436}.AppStore|ARM.Build.0 = Release|ARM
		{0864E64B-D4CC-43BA-A5ED-AEFDDDC3D436}.AppStore|ARM.Deploy.0 = Release|ARM
		{0864E64B-D4CC-43BA-A5ED-AEFDDDC3D436}.AppStore|iPhone.ActiveCfg = Release|x86
		{0864E64B-D4CC-43BA-A5ED-AEFDDDC3D436}.AppStore|iPhone.Build.0 = Release|x86
		{0864E64B-D4CC-43BA-A5ED-AEFDDDC3D436}.AppStore|iPhone.Deploy.0 = Release|x86
		{0864E64B-D4CC-43BA-A5ED-AEFDDDC3D436}.AppStore|iPhoneSimulator.ActiveCfg = Release|x86
		{0864E64B-D4CC-43BA-A5ED-AEFDDDC3D436}.AppStore|iPhoneSimulator.Build.0 = Release|x86
		{0864E64B-D4CC-43BA-A5ED-AEFDDDC3D436}.AppStore|iPhoneSimulator.Deploy.0 = Release|x86
		{0864E64B-D4CC-43BA-A5ED-AEFDDDC3D436}.AppStore|x64.ActiveCfg = Release|x64
		{0864E64B-D4CC-43BA-A5ED-AEFDDDC3D436}.AppStore|x64.Build.0 = Release|x64
		{0864E64B-D4CC-43BA-A5ED-AEFDDDC3D436}.AppStore|x64.Deploy.0 = Release|x64
		{0864E64B-D4CC-43BA-A5ED-AEFDDDC3D436}.AppStore|x86.ActiveCfg = Release|x86
		{0864E64B-D4CC-43BA-A5ED-AEFDDDC3D436}.AppStore|x86.Build.0 = Release|x86
		{0864E64B-D4CC-43BA-A5ED-AEFDDDC3D436}.AppStore|x86.Deploy.0 = Release|x86
		{0864E64B-D4CC-43BA-A5ED-AEFDDDC3D436}.Debug|Any CPU.ActiveCfg = Debug|x86
		{0864E64B-D4CC-43BA-A5ED-AEFDDDC3D436}.Debug|ARM.ActiveCfg = Debug|ARM
		{0864E64B-D4CC-43BA-A5ED-AEFDDDC3D436}.Debug|ARM.Build.0 = Debug|ARM
		{0864E64B-D4CC-43BA-A5ED-AEFDDDC3D436}.Debug|ARM.Deploy.0 = Debug|ARM
		{0864E64B-D4CC-43BA-A5ED-AEFDDDC3D436}.Debug|iPhone.ActiveCfg = Debug|x86
		{0864E64B-D4CC-43BA-A5ED-AEFDDDC3D436}.Debug|iPhoneSimulator.ActiveCfg = Debug|x86
		{0864E64B-D4CC-43BA-A5ED-AEFDDDC3D436}.Debug|x64.ActiveCfg = Debug|x64
		{0864E64B-D4CC-43BA-A5ED-AEFDDDC3D436}.Debug|x64.Build.0 = Debug|x64
		{0864E64B-D4CC-43BA-A5ED-AEFDDDC3D436}.Debug|x64.Deploy.0 = Debug|x64
		{0864E64B-D4CC-43BA-A5ED-AEFDDDC3D436}.Debug|x86.ActiveCfg = Debug|x86
		{0864E64B-D4CC-43BA-A5ED-AEFDDDC3D436}.Debug|x86.Build.0 = Debug|x86
		{0864E64B-D4CC-43BA-A5ED-AEFDDDC3D436}.Debug|x86.Deploy.0 = Debug|x86
		{0864E64B-D4CC-43BA-A5ED-AEFDDDC3D436}.Release|Any CPU.ActiveCfg = Release|x86
		{0864E64B-D4CC-43BA-A5ED-AEFDDDC3D436}.Release|ARM.ActiveCfg = Release|ARM
		{0864E64B-D4CC-43BA-A5ED-AEFDDDC3D436}.Release|ARM.Build.0 = Release|ARM
		{0864E64B-D4CC-43BA-A5ED-AEFDDDC3D436}.Release|ARM.Deploy.0 = Release|ARM
		{0864E64B-D4CC-43BA-A5ED-AEFDDDC3D436}.Release|iPhone.ActiveCfg = Release|x86
		{0864E64B-D4CC-43BA-A5ED-AEFDDDC3D436}.Release|iPhoneSimulator.ActiveCfg = Release|x86
		{0864E64B-D4CC-43BA-A5ED-AEFDDDC3D436}.Release|x64.ActiveCfg = Release|x64
		{0864E64B-D4CC-43BA-A5ED-AEFDDDC3D436}.Release|x64.Build.0 = Release|x64
		{0864E64B-D4CC-43BA-A5ED-AEFDDDC3D436}.Release|x64.Deploy.0 = Release|x64
		{0864E64B-D4CC-43BA-A5ED-AEFDDDC3D436}.Release|x86.ActiveCfg = Release|x86
		{0864E64B-D4CC-43BA-A5ED-AEFDDDC3D436}.Release|x86.Build.0 = Release|x86
		{0864E64B-D4CC-43BA-A5ED-AEFDDDC3D436}.Release|x86.Deploy.0 = Release|x86
		{ACEA6B37-17B0-42AE-AADD-980E61ECA409}.Ad-Hoc|Any CPU.ActiveCfg = Release|Any CPU
		{ACEA6B37-17B0-42AE-AADD-980E61ECA409}.Ad-Hoc|Any CPU.Build.0 = Release|Any CPU
		{ACEA6B37-17B0-42AE-AADD-980E61ECA409}.Ad-Hoc|Any CPU.Deploy.0 = Release|Any CPU
		{ACEA6B37-17B0-42AE-AADD-980E61ECA409}.Ad-Hoc|ARM.ActiveCfg = Release|ARM
		{ACEA6B37-17B0-42AE-AADD-980E61ECA409}.Ad-Hoc|ARM.Build.0 = Release|ARM
		{ACEA6B37-17B0-42AE-AADD-980E61ECA409}.Ad-Hoc|ARM.Deploy.0 = Release|ARM
		{ACEA6B37-17B0-42AE-AADD-980E61ECA409}.Ad-Hoc|iPhone.ActiveCfg = Release|Any CPU
		{ACEA6B37-17B0-42AE-AADD-980E61ECA409}.Ad-Hoc|iPhone.Build.0 = Release|Any CPU
		{ACEA6B37-17B0-42AE-AADD-980E61ECA409}.Ad-Hoc|iPhone.Deploy.0 = Release|Any CPU
		{ACEA6B37-17B0-42AE-AADD-980E61ECA409}.Ad-Hoc|iPhoneSimulator.ActiveCfg = Release|Any CPU
		{ACEA6B37-17B0-42AE-AADD-980E61ECA409}.Ad-Hoc|iPhoneSimulator.Build.0 = Release|Any CPU
		{ACEA6B37-17B0-42AE-AADD-980E61ECA409}.Ad-Hoc|iPhoneSimulator.Deploy.0 = Release|Any CPU
		{ACEA6B37-17B0-42AE-AADD-980E61ECA409}.Ad-Hoc|x64.ActiveCfg = Release|x64
		{ACEA6B37-17B0-42AE-AADD-980E61ECA409}.Ad-Hoc|x64.Build.0 = Release|x64
		{ACEA6B37-17B0-42AE-AADD-980E61ECA409}.Ad-Hoc|x64.Deploy.0 = Release|x64
		{ACEA6B37-17B0-42AE-AADD-980E61ECA409}.Ad-Hoc|x86.ActiveCfg = Release|x86
		{ACEA6B37-17B0-42AE-AADD-980E61ECA409}.Ad-Hoc|x86.Build.0 = Release|x86
		{ACEA6B37-17B0-42AE-AADD-980E61ECA409}.Ad-Hoc|x86.Deploy.0 = Release|x86
		{ACEA6B37-17B0-42AE-AADD-980E61ECA409}.AppStore|Any CPU.ActiveCfg = Release|Any CPU
		{ACEA6B37-17B0-42AE-AADD-980E61ECA409}.AppStore|Any CPU.Build.0 = Release|Any CPU
		{ACEA6B37-17B0-42AE-AADD-980E61ECA409}.AppStore|Any CPU.Deploy.0 = Release|Any CPU
		{ACEA6B37-17B0-42AE-AADD-980E61ECA409}.AppStore|ARM.ActiveCfg = Release|ARM
		{ACEA6B37-17B0-42AE-AADD-980E61ECA409}.AppStore|ARM.Build.0 = Release|ARM
		{ACEA6B37-17B0-42AE-AADD-980E61ECA409}.AppStore|ARM.Deploy.0 = Release|ARM
		{ACEA6B37-17B0-42AE-AADD-980E61ECA409}.AppStore|iPhone.ActiveCfg = Release|Any CPU
		{ACEA6B37-17B0-42AE-AADD-980E61ECA409}.AppStore|iPhone.Build.0 = Release|Any CPU
		{ACEA6B37-17B0-42AE-AADD-980E61ECA409}.AppStore|iPhone.Deploy.0 = Release|Any CPU
		{ACEA6B37-17B0-42AE-AADD-980E61ECA409}.AppStore|iPhoneSimulator.ActiveCfg = Release|Any CPU
		{ACEA6B37-17B0-42AE-AADD-980E61ECA409}.AppStore|iPhoneSimulator.Build.0 = Release|Any CPU
		{ACEA6B37-17B0-42AE-AADD-980E61ECA409}.AppStore|iPhoneSimulator.Deploy.0 = Release|Any CPU
		{ACEA6B37-17B0-42AE-AADD-980E61ECA409}.AppStore|x64.ActiveCfg = Release|x64
		{ACEA6B37-17B0-42AE-AADD-980E61ECA409}.AppStore|x64.Build.0 = Release|x64
		{ACEA6B37-17B0-42AE-AADD-980E61ECA409}.AppStore|x64.Deploy.0 = Release|x64
		{ACEA6B37-17B0-42AE-AADD-980E61ECA409}.AppStore|x86.ActiveCfg = Release|x86
		{ACEA6B37-17B0-42AE-AADD-980E61ECA409}.AppStore|x86.Build.0 = Release|x86
		{ACEA6B37-17B0-42AE-AADD-980E61ECA409}.AppStore|x86.Deploy.0 = Release|x86
		{ACEA6B37-17B0-42AE-AADD-980E61ECA409}.Debug|Any CPU.ActiveCfg = Debug|Any CPU
		{ACEA6B37-17B0-42AE-AADD-980E61ECA409}.Debug|Any CPU.Build.0 = Debug|Any CPU
		{ACEA6B37-17B0-42AE-AADD-980E61ECA409}.Debug|Any CPU.Deploy.0 = Debug|Any CPU
		{ACEA6B37-17B0-42AE-AADD-980E61ECA409}.Debug|ARM.ActiveCfg = Debug|ARM
		{ACEA6B37-17B0-42AE-AADD-980E61ECA409}.Debug|ARM.Build.0 = Debug|ARM
		{ACEA6B37-17B0-42AE-AADD-980E61ECA409}.Debug|ARM.Deploy.0 = Debug|ARM
		{ACEA6B37-17B0-42AE-AADD-980E61ECA409}.Debug|iPhone.ActiveCfg = Debug|Any CPU
		{ACEA6B37-17B0-42AE-AADD-980E61ECA409}.Debug|iPhone.Build.0 = Debug|Any CPU
		{ACEA6B37-17B0-42AE-AADD-980E61ECA409}.Debug|iPhone.Deploy.0 = Debug|Any CPU
		{ACEA6B37-17B0-42AE-AADD-980E61ECA409}.Debug|iPhoneSimulator.ActiveCfg = Debug|Any CPU
		{ACEA6B37-17B0-42AE-AADD-980E61ECA409}.Debug|iPhoneSimulator.Build.0 = Debug|Any CPU
		{ACEA6B37-17B0-42AE-AADD-980E61ECA409}.Debug|iPhoneSimulator.Deploy.0 = Debug|Any CPU
		{ACEA6B37-17B0-42AE-AADD-980E61ECA409}.Debug|x64.ActiveCfg = Debug|x64
		{ACEA6B37-17B0-42AE-AADD-980E61ECA409}.Debug|x64.Build.0 = Debug|x64
		{ACEA6B37-17B0-42AE-AADD-980E61ECA409}.Debug|x64.Deploy.0 = Debug|x64
		{ACEA6B37-17B0-42AE-AADD-980E61ECA409}.Debug|x86.ActiveCfg = Debug|x86
		{ACEA6B37-17B0-42AE-AADD-980E61ECA409}.Debug|x86.Build.0 = Debug|x86
		{ACEA6B37-17B0-42AE-AADD-980E61ECA409}.Debug|x86.Deploy.0 = Debug|x86
		{ACEA6B37-17B0-42AE-AADD-980E61ECA409}.Release|Any CPU.ActiveCfg = Release|Any CPU
		{ACEA6B37-17B0-42AE-AADD-980E61ECA409}.Release|Any CPU.Build.0 = Release|Any CPU
		{ACEA6B37-17B0-42AE-AADD-980E61ECA409}.Release|Any CPU.Deploy.0 = Release|Any CPU
		{ACEA6B37-17B0-42AE-AADD-980E61ECA409}.Release|ARM.ActiveCfg = Release|ARM
		{ACEA6B37-17B0-42AE-AADD-980E61ECA409}.Release|ARM.Build.0 = Release|ARM
		{ACEA6B37-17B0-42AE-AADD-980E61ECA409}.Release|ARM.Deploy.0 = Release|ARM
		{ACEA6B37-17B0-42AE-AADD-980E61ECA409}.Release|iPhone.ActiveCfg = Release|Any CPU
		{ACEA6B37-17B0-42AE-AADD-980E61ECA409}.Release|iPhone.Build.0 = Release|Any CPU
		{ACEA6B37-17B0-42AE-AADD-980E61ECA409}.Release|iPhone.Deploy.0 = Release|Any CPU
		{ACEA6B37-17B0-42AE-AADD-980E61ECA409}.Release|iPhoneSimulator.ActiveCfg = Release|Any CPU
		{ACEA6B37-17B0-42AE-AADD-980E61ECA409}.Release|iPhoneSimulator.Build.0 = Release|Any CPU
		{ACEA6B37-17B0-42AE-AADD-980E61ECA409}.Release|iPhoneSimulator.Deploy.0 = Release|Any CPU
		{ACEA6B37-17B0-42AE-AADD-980E61ECA409}.Release|x64.ActiveCfg = Release|x64
		{ACEA6B37-17B0-42AE-AADD-980E61ECA409}.Release|x64.Build.0 = Release|x64
		{ACEA6B37-17B0-42AE-AADD-980E61ECA409}.Release|x64.Deploy.0 = Release|x64
		{ACEA6B37-17B0-42AE-AADD-980E61ECA409}.Release|x86.ActiveCfg = Release|x86
		{ACEA6B37-17B0-42AE-AADD-980E61ECA409}.Release|x86.Build.0 = Release|x86
		{ACEA6B37-17B0-42AE-AADD-980E61ECA409}.Release|x86.Deploy.0 = Release|x86
	EndGlobalSection
	GlobalSection(SolutionProperties) = preSolution
		HideSolutionNode = FALSE
	EndGlobalSection
EndGlobal
